
Microsoft Visual Studio Solution File, Format Version 12.00
# Visual Studio Version 17
VisualStudioVersion = 17.14.36811.4 d17.14
MinimumVisualStudioVersion = 10.0.40219.1
Project("{FAE04EC0-301F-11D3-BF4B-00C04F79EFBC}") = "AllCrestsCrit", "AllCrestsCrit\AllCrestsCrit.csproj", "{330A93F5-1E0E-476D-85B3-7F2C3E98325D}"
EndProject
Global
	GlobalSection(SolutionConfigurationPlatforms) = preSolution
		Debug|Any CPU = Debug|Any CPU
		Release|Any CPU = Release|Any CPU
	EndGlobalSection
	GlobalSection(ProjectConfigurationPlatforms) = postSolution
		{330A93F5-1E0E-476D-85B3-7F2C3E98325D}.Debug|Any CPU.ActiveCfg = Debug|Any CPU
		{330A93F5-1E0E-476D-85B3-7F2C3E98325D}.Debug|Any CPU.Build.0 = Debug|Any CPU
		{330A93F5-1E0E-476D-85B3-7F2C3E98325D}.Release|Any CPU.ActiveCfg = Release|Any CPU
		{330A93F5-1E0E-476D-85B3-7F2C3E98325D}.Release|Any CPU.Build.0 = Release|Any CPU
	EndGlobalSection
	GlobalSection(SolutionProperties) = preSolution
		HideSolutionNode = FALSE
	EndGlobalSection
	GlobalSection(ExtensibilityGlobals) = postSolution
		SolutionGuid = {2B2B469D-7AF5-471D-8547-1C4B7700C116}
	EndGlobalSection
EndGlobal
