
Microsoft Visual Studio Solution File, Format Version 12.00
# Visual Studio Version 17
VisualStudioVersion = 17.14.36811.4 d17.14
MinimumVisualStudioVersion = 10.0.40219.1
Project("{FAE04EC0-301F-11D3-BF4B-00C04F79EFBC}") = "AlwaysVoltFilament", "AlwaysVoltFilament\AlwaysVoltFilament.csproj", "{73DD35CD-E04B-4667-B81B-8B932A87B0BC}"
EndProject
Global
	GlobalSection(SolutionConfigurationPlatforms) = preSolution
		Debug|Any CPU = Debug|Any CPU
		Release|Any CPU = Release|Any CPU
	EndGlobalSection
	GlobalSection(ProjectConfigurationPlatforms) = postSolution
		{73DD35CD-E04B-4667-B81B-8B932A87B0BC}.Debug|Any CPU.ActiveCfg = Debug|Any CPU
		{73DD35CD-E04B-4667-B81B-8B932A87B0BC}.Debug|Any CPU.Build.0 = Debug|Any CPU
		{73DD35CD-E04B-4667-B81B-8B932A87B0BC}.Release|Any CPU.ActiveCfg = Release|Any CPU
		{73DD35CD-E04B-4667-B81B-8B932A87B0BC}.Release|Any CPU.Build.0 = Release|Any CPU
	EndGlobalSection
	GlobalSection(SolutionProperties) = preSolution
		HideSolutionNode = FALSE
	EndGlobalSection
	GlobalSection(ExtensibilityGlobals) = postSolution
		SolutionGuid = {AA8043FA-D7D5-4871-B7B8-515926C66286}
	EndGlobalSection
EndGlobal
