
Microsoft Visual Studio Solution File, Format Version 12.00
# Visual Studio Version 17
VisualStudioVersion = 17.14.36811.4 d17.14
MinimumVisualStudioVersion = 10.0.40219.1
Project("{FAE04EC0-301F-11D3-BF4B-00C04F79EFBC}") = "PollipPouch2XEffect", "PollipPouch2XEffect\PollipPouch2XEffect.csproj", "{0112B237-2E86-4BB8-A153-64C1E82ACC37}"
EndProject
Global
	GlobalSection(SolutionConfigurationPlatforms) = preSolution
		Debug|Any CPU = Debug|Any CPU
		Release|Any CPU = Release|Any CPU
	EndGlobalSection
	GlobalSection(ProjectConfigurationPlatforms) = postSolution
		{0112B237-2E86-4BB8-A153-64C1E82ACC37}.Debug|Any CPU.ActiveCfg = Debug|Any CPU
		{0112B237-2E86-4BB8-A153-64C1E82ACC37}.Debug|Any CPU.Build.0 = Debug|Any CPU
		{0112B237-2E86-4BB8-A153-64C1E82ACC37}.Release|Any CPU.ActiveCfg = Release|Any CPU
		{0112B237-2E86-4BB8-A153-64C1E82ACC37}.Release|Any CPU.Build.0 = Release|Any CPU
	EndGlobalSection
	GlobalSection(SolutionProperties) = preSolution
		HideSolutionNode = FALSE
	EndGlobalSection
	GlobalSection(ExtensibilityGlobals) = postSolution
		SolutionGuid = {FBE33C86-B125-4527-AA53-F2127C98B109}
	EndGlobalSection
EndGlobal
