
Microsoft Visual Studio Solution File, Format Version 12.00
# Visual Studio Version 17
VisualStudioVersion = 17.14.36811.4 d17.14
MinimumVisualStudioVersion = 10.0.40219.1
Project("{FAE04EC0-301F-11D3-BF4B-00C04F79EFBC}") = "RefundSilkOnFailedParry", "RefundSilkOnFailedParry\RefundSilkOnFailedParry.csproj", "{91C9BA1D-05FB-45FB-9AA7-37BEBD34DBCA}"
EndProject
Global
	GlobalSection(SolutionConfigurationPlatforms) = preSolution
		Debug|Any CPU = Debug|Any CPU
		Release|Any CPU = Release|Any CPU
	EndGlobalSection
	GlobalSection(ProjectConfigurationPlatforms) = postSolution
		{91C9BA1D-05FB-45FB-9AA7-37BEBD34DBCA}.Debug|Any CPU.ActiveCfg = Debug|Any CPU
		{91C9BA1D-05FB-45FB-9AA7-37BEBD34DBCA}.Debug|Any CPU.Build.0 = Debug|Any CPU
		{91C9BA1D-05FB-45FB-9AA7-37BEBD34DBCA}.Release|Any CPU.ActiveCfg = Release|Any CPU
		{91C9BA1D-05FB-45FB-9AA7-37BEBD34DBCA}.Release|Any CPU.Build.0 = Release|Any CPU
	EndGlobalSection
	GlobalSection(SolutionProperties) = preSolution
		HideSolutionNode = FALSE
	EndGlobalSection
	GlobalSection(ExtensibilityGlobals) = postSolution
		SolutionGuid = {8BC7DBDF-C661-42A0-B15C-A0C783D2E459}
	EndGlobalSection
EndGlobal
